
Microsoft Visual Studio Solution File, Format Version 12.00
# Visual Studio Version 17
VisualStudioVersion = 17.3.32804.467
MinimumVisualStudioVersion = 10.0.40219.1
Project("{9A19103F-16F7-4668-BE54-9A1E7A4F7556}") = "SpecFlow_Automation", "SpecFlow_Automation\SpecFlow_Automation.csproj", "{DB662065-4016-4096-937F-587ABA7C8309}"
EndProject
Project("{FAE04EC0-301F-11D3-BF4B-00C04F79EFBC}") = "SpecflowAPIAutomation", "SpecflowAPIAutomation\SpecflowAPIAutomation.csproj", "{0E13D28B-0C88-4029-A0E2-F024C82F47C0}"
EndProject
Global
	GlobalSection(SolutionConfigurationPlatforms) = preSolution
		Debug|Any CPU = Debug|Any CPU
		Release|Any CPU = Release|Any CPU
	EndGlobalSection
	GlobalSection(ProjectConfigurationPlatforms) = postSolution
		{DB662065-4016-4096-937F-587ABA7C8309}.Debug|Any CPU.ActiveCfg = Debug|Any CPU
		{DB662065-4016-4096-937F-587ABA7C8309}.Debug|Any CPU.Build.0 = Debug|Any CPU
		{DB662065-4016-4096-937F-587ABA7C8309}.Release|Any CPU.ActiveCfg = Release|Any CPU
		{DB662065-4016-4096-937F-587ABA7C8309}.Release|Any CPU.Build.0 = Release|Any CPU
		{0E13D28B-0C88-4029-A0E2-F024C82F47C0}.Debug|Any CPU.ActiveCfg = Debug|Any CPU
		{0E13D28B-0C88-4029-A0E2-F024C82F47C0}.Debug|Any CPU.Build.0 = Debug|Any CPU
		{0E13D28B-0C88-4029-A0E2-F024C82F47C0}.Release|Any CPU.ActiveCfg = Release|Any CPU
		{0E13D28B-0C88-4029-A0E2-F024C82F47C0}.Release|Any CPU.Build.0 = Release|Any CPU
	EndGlobalSection
	GlobalSection(SolutionProperties) = preSolution
		HideSolutionNode = FALSE
	EndGlobalSection
	GlobalSection(ExtensibilityGlobals) = postSolution
		SolutionGuid = {66ECD61F-6E46-4E32-A8AE-42DDAF8668D8}
	EndGlobalSection
EndGlobal
